
Microsoft Visual Studio Solution File, Format Version 10.00
# Visual Studio 2008
Project("{FAE04EC0-301F-11D3-BF4B-00C04F79EFBC}") = "IoCComponentBurden", "src\IoCComponentBurden\IoCComponentBurden.csproj", "{3CDD4F99-75C4-4B8A-B8EF-FE1CA904A907}"
EndProject
Global
	GlobalSection(SolutionConfigurationPlatforms) = preSolution
		Debug|Any CPU = Debug|Any CPU
		Release|Any CPU = Release|Any CPU
	EndGlobalSection
	GlobalSection(ProjectConfigurationPlatforms) = postSolution
		{3CDD4F99-75C4-4B8A-B8EF-FE1CA904A907}.Debug|Any CPU.ActiveCfg = Debug|Any CPU
		{3CDD4F99-75C4-4B8A-B8EF-FE1CA904A907}.Debug|Any CPU.Build.0 = Debug|Any CPU
		{3CDD4F99-75C4-4B8A-B8EF-FE1CA904A907}.Release|Any CPU.ActiveCfg = Release|Any CPU
		{3CDD4F99-75C4-4B8A-B8EF-FE1CA904A907}.Release|Any CPU.Build.0 = Release|Any CPU
	EndGlobalSection
	GlobalSection(SolutionProperties) = preSolution
		HideSolutionNode = FALSE
	EndGlobalSection
EndGlobal
